{
  "name": "ddatabase-default-storage",
  "version": "2.0.0",
  "lockfileVersion": 1,
  "requires": true,
  "dependencies": {
    "fd-lock": {
      "version": "1.1.1",
      "resolved": "https://registry.npmjs.org/fd-lock/-/fd-lock-1.1.1.tgz",
      "integrity": "sha512-Ng+IXbq6LPMDvvVb0Vr325NjqhPwqlLIvmf43ii7t3WQvo2sHU6V6jQY1cclflxPaPfvNUAuD5VdPuIO1sp50g==",
      "optional": true,
      "requires": {
        "napi-macros": "^2.0.0",
        "node-gyp-build": "^4.2.2"
      }
    },
    "inherits": {
      "version": "2.0.4",
      "resolved": "https://registry.npmjs.org/inherits/-/inherits-2.0.4.tgz",
      "integrity": "sha512-k/vGaX4/Yla3WzyMCvTQOXYeIHvqOKtnqBduzTHpzpQZzAskKMhZ2K+EnBiSM9zGSoIFeMpXKxa4dYeZIQqewQ=="
    },
    "mkdirp-classic": {
      "version": "0.5.3",
      "resolved": "https://registry.npmjs.org/mkdirp-classic/-/mkdirp-classic-0.5.3.tgz",
      "integrity": "sha512-gKLcREMhtuZRwRAfqP3RFW+TK4JqApVBtOIftVgjuABpAtpxhPGaDcfvbhNvD0B8iD1oUr/txX35NjcaY6Ns/A=="
    },
    "napi-macros": {
      "version": "2.0.0",
      "resolved": "https://registry.npmjs.org/napi-macros/-/napi-macros-2.0.0.tgz",
      "integrity": "sha512-A0xLykHtARfueITVDernsAWdtIMbOJgKgcluwENp3AlsKN/PloyO10HtmoqnFAQAcxPkgZN7wdfPfEd0zNGxbg==",
      "optional": true
    },
    "node-gyp-build": {
      "version": "4.2.3",
      "resolved": "https://registry.npmjs.org/node-gyp-build/-/node-gyp-build-4.2.3.tgz",
      "integrity": "sha512-MN6ZpzmfNCRM+3t57PTJHgHyw/h4OWnZ6mR8P5j/uZtqQr46RRuDE/P+g3n0YR/AiYXeWixZZzaip77gdICfRg==",
      "optional": true
    },
    "random-access-file": {
      "version": "2.1.4",
      "resolved": "https://registry.npmjs.org/random-access-file/-/random-access-file-2.1.4.tgz",
      "integrity": "sha512-WAcBP5iLhg1pbjZA40WyMenjK7c5gJUY6Pi5HJ3fLJCeVFNSZv3juf20yFMKxBdvcX5GKbX/HZSfFzlLBdGTdQ==",
      "requires": {
        "mkdirp-classic": "^0.5.2",
        "random-access-storage": "^1.1.1"
      }
    },
    "random-access-storage": {
      "version": "1.4.1",
      "resolved": "https://registry.npmjs.org/random-access-storage/-/random-access-storage-1.4.1.tgz",
      "integrity": "sha512-DbCc2TIzOxPaHF6KCbr8zLtiYOJQQQCBHUVNHV/SckUQobCBB2YkDtbLdxGnPwPNpJfEyMWxDAm36A2xkbxxtw==",
      "requires": {
        "inherits": "^2.0.3"
      }
    }
  }
}
